hash: 481d44a3440814e2fd436467e55a7045882fad3440e21dc327ba369514a7869c
updated: 2016-11-28T12:04:22.006485459-05:00
imports:
- name: github.com/google/go-github
  version: d4f1b2d029be1730fd349ca929cc9c0da4a27007
  subpackages:
  - github
- name: github.com/hashicorp/go-version
  version: e96d3840402619007766590ecea8dd7af1292276
- name: github.com/jarcoal/httpmock
  version: 145b10d659265440f062c31ea15326166bae56ee
- name: github.com/onsi/ginkgo
  version: 00054c0bb96fc880d4e0be1b90937fad438c5290
  subpackages:
  - ginkgo
- name: github.com/onsi/gomega
  version: f1f0f388b31eca4e2cbe7a6dd8a3a1dfddda5b1c
- name: github.com/PuerkitoBio/goquery
  version: 152b1a2c8f5d0340f658bb656032a39b94e52958
- name: gopkg.in/yaml.v2
  version: a5b47d31c556af34a302ce5d659e6fea44d90de0
testImports: []
